// !$*UTF8*$!
{
	archiveVersion = 1;
	classes = {
	};
	objectVersion = 46;
	objects = {

/* Begin PBXBuildFile section */
		89269A881D48CD35001EAB9E /* China.m in Sources */ = {isa = PBXBuildFile; fileRef = 89269A871D48CD35001EAB9E /* China.m */; };
		89269A8B1D48CD48001EAB9E /* Province.m in Sources */ = {isa = PBXBuildFile; fileRef = 89269A8A1D48CD48001EAB9E /* Province.m */; };
		89269A8E1D48CD52001EAB9E /* City.m in Sources */ = {isa = PBXBuildFile; fileRef = 89269A8D1D48CD52001EAB9E /* City.m */; };
		89505CBD1D48CADB000DF747 /* main.m in Sources */ = {isa = PBXBuildFile; fileRef = 89505CBC1D48CADB000DF747 /* main.m */; };
		89505CC01D48CADB000DF747 /* AppDelegate.m in Sources */ = {isa = PBXBuildFile; fileRef = 89505CBF1D48CADB000DF747 /* AppDelegate.m */; };
		89505CC31D48CADB000DF747 /* ViewController.m in Sources */ = {isa = PBXBuildFile; fileRef = 89505CC21D48CADB000DF747 /* ViewController.m */; };
		89505CC61D48CADB000DF747 /* Main.storyboard in Resources */ = {isa = PBXBuildFile; fileRef = 89505CC41D48CADB000DF747 /* Main.storyboard */; };
		89505CC81D48CADB000DF747 /* Assets.xcassets in Resources */ = {isa = PBXBuildFile; fileRef = 89505CC71D48CADB000DF747 /* Assets.xcassets */; };
		89505CCB1D48CADB000DF747 /* LaunchScreen.storyboard in Resources */ = {isa = PBXBuildFile; fileRef = 89505CC91D48CADB000DF747 /* LaunchScreen.storyboard */; };
		89505CDB1D48CBA8000DF747 /* GDataXMLNode.m in Sources */ = {isa = PBXBuildFile; fileRef = 89505CD61D48CBA8000DF747 /* GDataXMLNode.m */; settings = {COMPILER_FLAGS = "-fno-objc-arc"; }; };
		89505CDC1D48CBA8000DF747 /* province_data.xml in Resources */ = {isa = PBXBuildFile; fileRef = 89505CD71D48CBA8000DF747 /* province_data.xml */; };
		89505CDD1D48CBA8000DF747 /* ZSPickerView.m in Sources */ = {isa = PBXBuildFile; fileRef = 89505CD91D48CBA8000DF747 /* ZSPickerView.m */; };
		89505CDF1D48CC5B000DF747 /* libxml2.tbd in Frameworks */ = {isa = PBXBuildFile; fileRef = 89505CDE1D48CC5B000DF747 /* libxml2.tbd */; };
/* End PBXBuildFile section */

/* Begin PBXFileReference section */
		89269A861D48CD35001EAB9E /* China.h */ = {isa = PBXFileReference; fileEncoding = 4; lastKnownFileType = sourcecode.c.h; path = China.h; sourceTree = "<group>"; };
		89269A871D48CD35001EAB9E /* China.m */ = {isa = PBXFileReference; fileEncoding = 4; lastKnownFileType = sourcecode.c.objc; path = China.m; sourceTree = "<group>"; };
		89269A891D48CD48001EAB9E /* Province.h */ = {isa = PBXFileReference; fileEncoding = 4; lastKnownFileType = sourcecode.c.h; path = Province.h; sourceTree = "<group>"; };
		89269A8A1D48CD48001EAB9E /* Province.m */ = {isa = PBXFileReference; fileEncoding = 4; lastKnownFileType = sourcecode.c.objc; path = Province.m; sourceTree = "<group>"; };
		89269A8C1D48CD52001EAB9E /* City.h */ = {isa = PBXFileReference; fileEncoding = 4; lastKnownFileType = sourcecode.c.h; path = City.h; sourceTree = "<group>"; };
		89269A8D1D48CD52001EAB9E /* City.m */ = {isa = PBXFileReference; fileEncoding = 4; lastKnownFileType = sourcecode.c.objc; path = City.m; sourceTree = "<group>"; };
		89505CB81D48CADB000DF747 /* ZSAdderssPickerDemo.app */ = {isa = PBXFileReference; explicitFileType = wrapper.application; includeInIndex = 0; path = ZSAdderssPickerDemo.app; sourceTree = BUILT_PRODUCTS_DIR; };
		89505CBC1D48CADB000DF747 /* main.m */ = {isa = PBXFileReference; lastKnownFileType = sourcecode.c.objc; path = main.m; sourceTree = "<group>"; };
		89505CBE1D48CADB000DF747 /* AppDelegate.h */ = {isa = PBXFileReference; lastKnownFileType = sourcecode.c.h; path = AppDelegate.h; sourceTree = "<group>"; };
		89505CBF1D48CADB000DF747 /* AppDelegate.m */ = {isa = PBXFileReference; lastKnownFileType = sourcecode.c.objc; path = AppDelegate.m; sourceTree = "<group>"; };
		89505CC11D48CADB000DF747 /* ViewController.h */ = {isa = PBXFileReference; lastKnownFileType = sourcecode.c.h; path = ViewController.h; sourceTree = "<group>"; };
		89505CC21D48CADB000DF747 /* ViewController.m */ = {isa = PBXFileReference; lastKnownFileType = sourcecode.c.objc; path = ViewController.m; sourceTree = "<group>"; };
		89505CC51D48CADB000DF747 /* Base */ = {isa = PBXFileReference; lastKnownFileType = file.storyboard; name = Base; path = Base.lproj/Main.storyboard; sourceTree = "<group>"; };
		89505CC71D48CADB000DF747 /* Assets.xcassets */ = {isa = PBXFileReference; lastKnownFileType = folder.assetcatalog; path = Assets.xcassets; sourceTree = "<group>"; };
		89505CCA1D48CADB000DF747 /* Base */ = {isa = PBXFileReference; lastKnownFileType = file.storyboard; name = Base; path = Base.lproj/LaunchScreen.storyboard; sourceTree = "<group>"; };
		89505CCC1D48CADB000DF747 /* Info.plist */ = {isa = PBXFileReference; lastKnownFileType = text.plist.xml; path = Info.plist; sourceTree = "<group>"; };
		89505CD51D48CBA8000DF747 /* GDataXMLNode.h */ = {isa = PBXFileReference; fileEncoding = 4; lastKnownFileType = sourcecode.c.h; path = GDataXMLNode.h; sourceTree = "<group>"; };
		89505CD61D48CBA8000DF747 /* GDataXMLNode.m */ = {isa = PBXFileReference; fileEncoding = 4; lastKnownFileType = sourcecode.c.objc; path = GDataXMLNode.m; sourceTree = "<group>"; };
		89505CD71D48CBA8000DF747 /* province_data.xml */ = {isa = PBXFileReference; fileEncoding = 4; lastKnownFileType = text.xml; path = province_data.xml; sourceTree = "<group>"; };
		89505CD81D48CBA8000DF747 /* ZSPickerView.h */ = {isa = PBXFileReference; fileEncoding = 4; lastKnownFileType = sourcecode.c.h; path = ZSPickerView.h; sourceTree = "<group>"; };
		89505CD91D48CBA8000DF747 /* ZSPickerView.m */ = {isa = PBXFileReference; fileEncoding = 4; lastKnownFileType = sourcecode.c.objc; path = ZSPickerView.m; sourceTree = "<group>"; };
		89505CDE1D48CC5B000DF747 /* libxml2.tbd */ = {isa = PBXFileReference; lastKnownFileType = "sourcecode.text-based-dylib-definition"; name = libxml2.tbd; path = usr/lib/libxml2.tbd; sourceTree = SDKROOT; };
/* End PBXFileReference section */

/* Begin PBXFrameworksBuildPhase section */
		89505CB51D48CADB000DF747 /* Frameworks */ = {
			isa = PBXFrameworksBuildPhase;
			buildActionMask = 2147483647;
			files = (
				89505CDF1D48CC5B000DF747 /* libxml2.tbd in Frameworks */,
			);
			runOnlyForDeploymentPostprocessing = 0;
		};
/* End PBXFrameworksBuildPhase section */

/* Begin PBXGroup section */
		89505CAF1D48CADB000DF747 = {
			isa = PBXGroup;
			children = (
				89505CDE1D48CC5B000DF747 /* libxml2.tbd */,
				89505CBA1D48CADB000DF747 /* ZSAdderssPickerDemo */,
				89505CB91D48CADB000DF747 /* Products */,
			);
			sourceTree = "<group>";
		};
		89505CB91D48CADB000DF747 /* Products */ = {
			isa = PBXGroup;
			children = (
				89505CB81D48CADB000DF747 /* ZSAdderssPickerDemo.app */,
			);
			name = Products;
			sourceTree = "<group>";
		};
		89505CBA1D48CADB000DF747 /* ZSAdderssPickerDemo */ = {
			isa = PBXGroup;
			children = (
				89505CD31D48CBA8000DF747 /* ZSPickerView */,
				89505CD21D48CBA0000DF747 /* Model */,
				89505CBE1D48CADB000DF747 /* AppDelegate.h */,
				89505CBF1D48CADB000DF747 /* AppDelegate.m */,
				89505CC11D48CADB000DF747 /* ViewController.h */,
				89505CC21D48CADB000DF747 /* ViewController.m */,
				89505CC41D48CADB000DF747 /* Main.storyboard */,
				89505CC71D48CADB000DF747 /* Assets.xcassets */,
				89505CC91D48CADB000DF747 /* LaunchScreen.storyboard */,
				89505CCC1D48CADB000DF747 /* Info.plist */,
				89505CBB1D48CADB000DF747 /* Supporting Files */,
			);
			path = ZSAdderssPickerDemo;
			sourceTree = "<group>";
		};
		89505CBB1D48CADB000DF747 /* Supporting Files */ = {
			isa = PBXGroup;
			children = (
				89505CBC1D48CADB000DF747 /* main.m */,
			);
			name = "Supporting Files";
			sourceTree = "<group>";
		};
		89505CD21D48CBA0000DF747 /* Model */ = {
			isa = PBXGroup;
			children = (
				89269A861D48CD35001EAB9E /* China.h */,
				89269A871D48CD35001EAB9E /* China.m */,
				89269A891D48CD48001EAB9E /* Province.h */,
				89269A8A1D48CD48001EAB9E /* Province.m */,
				89269A8C1D48CD52001EAB9E /* City.h */,
				89269A8D1D48CD52001EAB9E /* City.m */,
			);
			path = Model;
			sourceTree = "<group>";
		};
		89505CD31D48CBA8000DF747 /* ZSPickerView */ = {
			isa = PBXGroup;
			children = (
				89505CD71D48CBA8000DF747 /* province_data.xml */,
				89505CD51D48CBA8000DF747 /* GDataXMLNode.h */,
				89505CD61D48CBA8000DF747 /* GDataXMLNode.m */,
				89505CD81D48CBA8000DF747 /* ZSPickerView.h */,
				89505CD91D48CBA8000DF747 /* ZSPickerView.m */,
			);
			path = ZSPickerView;
			sourceTree = "<group>";
		};
/* End PBXGroup section */

/* Begin PBXNativeTarget section */
		89505CB71D48CADB000DF747 /* ZSAdderssPickerDemo */ = {
			isa = PBXNativeTarget;
			buildConfigurationList = 89505CCF1D48CADB000DF747 /* Build configuration list for PBXNativeTarget "ZSAdderssPickerDemo" */;
			buildPhases = (
				89505CB41D48CADB000DF747 /* Sources */,
				89505CB51D48CADB000DF747 /* Frameworks */,
				89505CB61D48CADB000DF747 /* Resources */,
			);
			buildRules = (
			);
			dependencies = (
			);
			name = ZSAdderssPickerDemo;
			productName = ZSAdderssPickerDemo;
			productReference = 89505CB81D48CADB000DF747 /* ZSAdderssPickerDemo.app */;
			productType = "com.apple.product-type.application";
		};
/* End PBXNativeTarget section */

/* Begin PBXProject section */
		89505CB01D48CADB000DF747 /* Project object */ = {
			isa = PBXProject;
			attributes = {
				LastUpgradeCheck = 0730;
				ORGANIZATIONNAME = AIRWALK;
				TargetAttributes = {
					89505CB71D48CADB000DF747 = {
						CreatedOnToolsVersion = 7.3.1;
					};
				};
			};
			buildConfigurationList = 89505CB31D48CADB000DF747 /* Build configuration list for PBXProject "ZSAdderssPickerDemo" */;
			compatibilityVersion = "Xcode 3.2";
			developmentRegion = English;
			hasScannedForEncodings = 0;
			knownRegions = (
				en,
				Base,
			);
			mainGroup = 89505CAF1D48CADB000DF747;
			productRefGroup = 89505CB91D48CADB000DF747 /* Products */;
			projectDirPath = "";
			projectRoot = "";
			targets = (
				89505CB71D48CADB000DF747 /* ZSAdderssPickerDemo */,
			);
		};
/* End PBXProject section */

/* Begin PBXResourcesBuildPhase section */
		89505CB61D48CADB000DF747 /* Resources */ = {
			isa = PBXResourcesBuildPhase;
			buildActionMask = 2147483647;
			files = (
				89505CCB1D48CADB000DF747 /* LaunchScreen.storyboard in Resources */,
				89505CC81D48CADB000DF747 /* Assets.xcassets in Resources */,
				89505CC61D48CADB000DF747 /* Main.storyboard in Resources */,
				89505CDC1D48CBA8000DF747 /* province_data.xml in Resources */,
			);
			runOnlyForDeploymentPostprocessing = 0;
		};
/* End PBXResourcesBuildPhase section */

/* Begin PBXSourcesBuildPhase section */
		89505CB41D48CADB000DF747 /* Sources */ = {
			isa = PBXSourcesBuildPhase;
			buildActionMask = 2147483647;
			files = (
				89505CC31D48CADB000DF747 /* ViewController.m in Sources */,
				89505CDD1D48CBA8000DF747 /* ZSPickerView.m in Sources */,
				89269A8E1D48CD52001EAB9E /* City.m in Sources */,
				89505CDB1D48CBA8000DF747 /* GDataXMLNode.m in Sources */,
				89269A881D48CD35001EAB9E /* China.m in Sources */,
				89269A8B1D48CD48001EAB9E /* Province.m in Sources */,
				89505CC01D48CADB000DF747 /* AppDelegate.m in Sources */,
				89505CBD1D48CADB000DF747 /* main.m in Sources */,
			);
			runOnlyForDeploymentPostprocessing = 0;
		};
/* End PBXSourcesBuildPhase section */

/* Begin PBXVariantGroup section */
		89505CC41D48CADB000DF747 /* Main.storyboard */ = {
			isa = PBXVariantGroup;
			children = (
				89505CC51D48CADB000DF747 /* Base */,
			);
			name = Main.storyboard;
			sourceTree = "<group>";
		};
		89505CC91D48CADB000DF747 /* LaunchScreen.storyboard */ = {
			isa = PBXVariantGroup;
			children = (
				89505CCA1D48CADB000DF747 /* Base */,
			);
			name = LaunchScreen.storyboard;
			sourceTree = "<group>";
		};
/* End PBXVariantGroup section */

/* Begin XCBuildConfiguration section */
		89505CCD1D48CADB000DF747 /* Debug */ = {
			isa = XCBuildConfiguration;
			buildSettings = {
				ALWAYS_SEARCH_USER_PATHS = NO;
				CLANG_ANALYZER_NONNULL = YES;
				CLANG_CXX_LANGUAGE_STANDARD = "gnu++0x";
				CLANG_CXX_LIBRARY = "libc++";
				CLANG_ENABLE_MODULES = YES;
				CLANG_ENABLE_OBJC_ARC = YES;
				CLANG_WARN_BOOL_CONVERSION = YES;
				CLANG_WARN_CONSTANT_CONVERSION = YES;
				CLANG_WARN_DIRECT_OBJC_ISA_USAGE = YES_ERROR;
				CLANG_WARN_EMPTY_BODY = YES;
				CLANG_WARN_ENUM_CONVERSION = YES;
				CLANG_WARN_INT_CONVERSION = YES;
				CLANG_WARN_OBJC_ROOT_CLASS = YES_ERROR;
				CLANG_WARN_UNREACHABLE_CODE = YES;
				CLANG_WARN__DUPLICATE_METHOD_MATCH = YES;
				"CODE_SIGN_IDENTITY[sdk=iphoneos*]" = "iPhone Developer";
				COPY_PHASE_STRIP = NO;
				DEBUG_INFORMATION_FORMAT = dwarf;
				ENABLE_STRICT_OBJC_MSGSEND = YES;
				ENABLE_TESTABILITY = YES;
				GCC_C_LANGUAGE_STANDARD = gnu99;
				GCC_DYNAMIC_NO_PIC = NO;
				GCC_NO_COMMON_BLOCKS = YES;
				GCC_OPTIMIZATION_LEVEL = 0;
				GCC_PREPROCESSOR_DEFINITIONS = (
					"DEBUG=1",
					"$(inherited)",
				);
				GCC_WARN_64_TO_32_BIT_CONVERSION = YES;
				GCC_WARN_ABOUT_RETURN_TYPE = YES_ERROR;
				GCC_WARN_UNDECLARED_SELECTOR = YES;
				GCC_WARN_UNINITIALIZED_AUTOS = YES_AGGRESSIVE;
				GCC_WARN_UNUSED_FUNCTION = YES;
				GCC_WARN_UNUSED_VARIABLE = YES;
				IPHONEOS_DEPLOYMENT_TARGET = 9.3;
				MTL_ENABLE_DEBUG_INFO = YES;
				ONLY_ACTIVE_ARCH = YES;
				SDKROOT = iphoneos;
				TARGETED_DEVICE_FAMILY = "1,2";
			};
			name = Debug;
		};
		89505CCE1D48CADB000DF747 /* Release */ = {
			isa = XCBuildConfiguration;
			buildSettings = {
				ALWAYS_SEARCH_USER_PATHS = NO;
				CLANG_ANALYZER_NONNULL = YES;
				CLANG_CXX_LANGUAGE_STANDARD = "gnu++0x";
				CLANG_CXX_LIBRARY = "libc++";
				CLANG_ENABLE_MODULES = YES;
				CLANG_ENABLE_OBJC_ARC = YES;
				CLANG_WARN_BOOL_CONVERSION = YES;
				CLANG_WARN_CONSTANT_CONVERSION = YES;
				CLANG_WARN_DIRECT_OBJC_ISA_USAGE = YES_ERROR;
				CLANG_WARN_EMPTY_BODY = YES;
				CLANG_WARN_ENUM_CONVERSION = YES;
				CLANG_WARN_INT_CONVERSION = YES;
				CLANG_WARN_OBJC_ROOT_CLASS = YES_ERROR;
				CLANG_WARN_UNREACHABLE_CODE = YES;
				CLANG_WARN__DUPLICATE_METHOD_MATCH = YES;
				"CODE_SIGN_IDENTITY[sdk=iphoneos*]" = "iPhone Developer";
				COPY_PHASE_STRIP = NO;
				DEBUG_INFORMATION_FORMAT = "dwarf-with-dsym";
				ENABLE_NS_ASSERTIONS = NO;
				ENABLE_STRICT_OBJC_MSGSEND = YES;
				GCC_C_LANGUAGE_STANDARD = gnu99;
				GCC_NO_COMMON_BLOCKS = YES;
				GCC_WARN_64_TO_32_BIT_CONVERSION = YES;
				GCC_WARN_ABOUT_RETURN_TYPE = YES_ERROR;
				GCC_WARN_UNDECLARED_SELECTOR = YES;
				GCC_WARN_UNINITIALIZED_AUTOS = YES_AGGRESSIVE;
				GCC_WARN_UNUSED_FUNCTION = YES;
				GCC_WARN_UNUSED_VARIABLE = YES;
				IPHONEOS_DEPLOYMENT_TARGET = 9.3;
				MTL_ENABLE_DEBUG_INFO = NO;
				SDKROOT = iphoneos;
				TARGETED_DEVICE_FAMILY = "1,2";
				VALIDATE_PRODUCT = YES;
			};
			name = Release;
		};
		89505CD01D48CADB000DF747 /* Debug */ = {
			isa = XCBuildConfiguration;
			buildSettings = {
				ASSETCATALOG_COMPILER_APPICON_NAME = AppIcon;
				HEADER_SEARCH_PATHS = /usr/include/libxml2;
				INFOPLIST_FILE = ZSAdderssPickerDemo/Info.plist;
				LD_RUNPATH_SEARCH_PATHS = "$(inherited) @executable_path/Frameworks";
				PRODUCT_BUNDLE_IDENTIFIER = com.lincomb.ZSAdderssPickerDemo;
				PRODUCT_NAME = "$(TARGET_NAME)";
			};
			name = Debug;
		};
		89505CD11D48CADB000DF747 /* Release */ = {
			isa = XCBuildConfiguration;
			buildSettings = {
				ASSETCATALOG_COMPILER_APPICON_NAME = AppIcon;
				HEADER_SEARCH_PATHS = /usr/include/libxml2;
				INFOPLIST_FILE = ZSAdderssPickerDemo/Info.plist;
				LD_RUNPATH_SEARCH_PATHS = "$(inherited) @executable_path/Frameworks";
				PRODUCT_BUNDLE_IDENTIFIER = com.lincomb.ZSAdderssPickerDemo;
				PRODUCT_NAME = "$(TARGET_NAME)";
			};
			name = Release;
		};
/* End XCBuildConfiguration section */

/* Begin XCConfigurationList section */
		89505CB31D48CADB000DF747 /* Build configuration list for PBXProject "ZSAdderssPickerDemo" */ = {
			isa = XCConfigurationList;
			buildConfigurations = (
				89505CCD1D48CADB000DF747 /* Debug */,
				89505CCE1D48CADB000DF747 /* Release */,
			);
			defaultConfigurationIsVisible = 0;
			defaultConfigurationName = Release;
		};
		89505CCF1D48CADB000DF747 /* Build configuration list for PBXNativeTarget "ZSAdderssPickerDemo" */ = {
			isa = XCConfigurationList;
			buildConfigurations = (
				89505CD01D48CADB000DF747 /* Debug */,
				89505CD11D48CADB000DF747 /* Release */,
			);
			defaultConfigurationIsVisible = 0;
			defaultConfigurationName = Release;
		};
/* End XCConfigurationList section */
	};
	rootObject = 89505CB01D48CADB000DF747 /* Project object */;
}
